
Microsoft Visual Studio Solution File, Format Version 12.00
# Visual Studio 14
VisualStudioVersion = 14.0.23107.0
MinimumVisualStudioVersion = 10.0.40219.1
Project("{FAE04EC0-301F-11D3-BF4B-00C04F79EFBC}") = "QLCHCF_DatabaseFirst", "QLCHCF_DatabaseFirst\QLCHCF_DatabaseFirst.csproj", "{156F9D3F-08DD-4C98-9C8D-82261B846118}"
EndProject
Global
	GlobalSection(SolutionConfigurationPlatforms) = preSolution
		Debug|Any CPU = Debug|Any CPU
		Release|Any CPU = Release|Any CPU
	EndGlobalSection
	GlobalSection(ProjectConfigurationPlatforms) = postSolution
		{156F9D3F-08DD-4C98-9C8D-82261B846118}.Debug|Any CPU.ActiveCfg = Debug|Any CPU
		{156F9D3F-08DD-4C98-9C8D-82261B846118}.Debug|Any CPU.Build.0 = Debug|Any CPU
		{156F9D3F-08DD-4C98-9C8D-82261B846118}.Release|Any CPU.ActiveCfg = Release|Any CPU
		{156F9D3F-08DD-4C98-9C8D-82261B846118}.Release|Any CPU.Build.0 = Release|Any CPU
	EndGlobalSection
	GlobalSection(SolutionProperties) = preSolution
		HideSolutionNode = FALSE
	EndGlobalSection
EndGlobal
